
Microsoft Visual Studio Solution File, Format Version 12.00
# Visual Studio Version 17
VisualStudioVersion = 17.6.33829.357
MinimumVisualStudioVersion = 10.0.40219.1
Project("{FAE04EC0-301F-11D3-BF4B-00C04F79EFBC}") = "NCP2023", "NCP2023\NCP2023.csproj", "{3AFF9036-A2B8-44F0-A871-603F4A50B793}"
EndProject
Global
	GlobalSection(SolutionConfigurationPlatforms) = preSolution
		Debug|Any CPU = Debug|Any CPU
		Release|Any CPU = Release|Any CPU
	EndGlobalSection
	GlobalSection(ProjectConfigurationPlatforms) = postSolution
		{3AFF9036-A2B8-44F0-A871-603F4A50B793}.Debug|Any CPU.ActiveCfg = Debug|Any CPU
		{3AFF9036-A2B8-44F0-A871-603F4A50B793}.Debug|Any CPU.Build.0 = Debug|Any CPU
		{3AFF9036-A2B8-44F0-A871-603F4A50B793}.Release|Any CPU.ActiveCfg = Release|Any CPU
		{3AFF9036-A2B8-44F0-A871-603F4A50B793}.Release|Any CPU.Build.0 = Release|Any CPU
	EndGlobalSection
	GlobalSection(SolutionProperties) = preSolution
		HideSolutionNode = FALSE
	EndGlobalSection
	GlobalSection(ExtensibilityGlobals) = postSolution
		SolutionGuid = {8807460C-F976-4EBE-8DFA-AB083A2BCD2B}
	EndGlobalSection
EndGlobal
